
Microsoft Visual Studio Solution File, Format Version 12.00
# Visual Studio Version 16
VisualStudioVersion = 16.0.30717.126
MinimumVisualStudioVersion = 10.0.40219.1
Project("{9A19103F-16F7-4668-BE54-9A1E7A4F7556}") = "Client", "Client\Client.csproj", "{33A83CD8-ACD3-4A98-ACAE-7ECDA5BCDC05}"
EndProject
Project("{9A19103F-16F7-4668-BE54-9A1E7A4F7556}") = "Publisher", "Publisher\Publisher.csproj", "{27863293-09F7-436D-8C05-CBBD801F823E}"
EndProject
Project("{FAE04EC0-301F-11D3-BF4B-00C04F79EFBC}") = "Server", "Server\Server.csproj", "{5663F0BC-741A-46FE-BCF3-C15979BC0ED8}"
EndProject
Global
	GlobalSection(SolutionConfigurationPlatforms) = preSolution
		Debug|Any CPU = Debug|Any CPU
		Release|Any CPU = Release|Any CPU
	EndGlobalSection
	GlobalSection(ProjectConfigurationPlatforms) = postSolution
		{33A83CD8-ACD3-4A98-ACAE-7ECDA5BCDC05}.Debug|Any CPU.ActiveCfg = Debug|Any CPU
		{33A83CD8-ACD3-4A98-ACAE-7ECDA5BCDC05}.Debug|Any CPU.Build.0 = Debug|Any CPU
		{33A83CD8-ACD3-4A98-ACAE-7ECDA5BCDC05}.Release|Any CPU.ActiveCfg = Release|Any CPU
		{33A83CD8-ACD3-4A98-ACAE-7ECDA5BCDC05}.Release|Any CPU.Build.0 = Release|Any CPU
		{27863293-09F7-436D-8C05-CBBD801F823E}.Debug|Any CPU.ActiveCfg = Debug|Any CPU
		{27863293-09F7-436D-8C05-CBBD801F823E}.Debug|Any CPU.Build.0 = Debug|Any CPU
		{27863293-09F7-436D-8C05-CBBD801F823E}.Release|Any CPU.ActiveCfg = Release|Any CPU
		{27863293-09F7-436D-8C05-CBBD801F823E}.Release|Any CPU.Build.0 = Release|Any CPU
		{5663F0BC-741A-46FE-BCF3-C15979BC0ED8}.Debug|Any CPU.ActiveCfg = Debug|Any CPU
		{5663F0BC-741A-46FE-BCF3-C15979BC0ED8}.Debug|Any CPU.Build.0 = Debug|Any CPU
		{5663F0BC-741A-46FE-BCF3-C15979BC0ED8}.Release|Any CPU.ActiveCfg = Release|Any CPU
		{5663F0BC-741A-46FE-BCF3-C15979BC0ED8}.Release|Any CPU.Build.0 = Release|Any CPU
	EndGlobalSection
	GlobalSection(SolutionProperties) = preSolution
		HideSolutionNode = FALSE
	EndGlobalSection
	GlobalSection(ExtensibilityGlobals) = postSolution
		SolutionGuid = {E05276A7-9A53-4463-90B5-DACB002783AB}
	EndGlobalSection
EndGlobal
